
Microsoft Visual Studio Solution File, Format Version 12.00
# Visual Studio 15
Project("{FAE04EC0-301F-11D3-BF4B-00C04F79EFBC}") = "Assembly-CSharp", "Assembly-CSharp.csproj", "{86EC6EE7-1DDE-70D1-4696-702473492031}"
EndProject
Global
	GlobalSection(SolutionConfigurationPlatforms) = preSolution
		Debug|Any CPU = Debug|Any CPU
		Release|Any CPU = Release|Any CPU
	EndGlobalSection
	GlobalSection(ProjectConfigurationPlatforms) = postSolution
		{86EC6EE7-1DDE-70D1-4696-702473492031}.Debug|Any CPU.ActiveCfg = Debug|Any CPU
		{86EC6EE7-1DDE-70D1-4696-702473492031}.Debug|Any CPU.Build.0 = Debug|Any CPU
		{86EC6EE7-1DDE-70D1-4696-702473492031}.Release|Any CPU.ActiveCfg = Release|Any CPU
		{86EC6EE7-1DDE-70D1-4696-702473492031}.Release|Any CPU.Build.0 = Release|Any CPU
	EndGlobalSection
	GlobalSection(SolutionProperties) = preSolution
		HideSolutionNode = FALSE
	EndGlobalSection
EndGlobal
